
Microsoft Visual Studio Solution File, Format Version 12.00
# Visual Studio Version 16
VisualStudioVersion = 16.0.31702.278
MinimumVisualStudioVersion = 10.0.40219.1
Project("{9A19103F-16F7-4668-BE54-9A1E7A4F7556}") = "ShoppingManagement", "ShoppingManagement\ShoppingManagement.csproj", "{E04814EF-675D-49B6-8E82-92979ACCA207}"
EndProject
Project("{9A19103F-16F7-4668-BE54-9A1E7A4F7556}") = "Domain", "Domain\Domain.csproj", "{E5D3E282-EC88-4701-906E-5BB950A93B2F}"
EndProject
Project("{9A19103F-16F7-4668-BE54-9A1E7A4F7556}") = "Infrastructure", "Infrastructure\Infrastructure.csproj", "{79FA388C-2434-4C27-9006-CC70F7F936AB}"
EndProject
Project("{2150E333-8FDC-42A3-9474-1A3956D46DE8}") = "Tests", "Tests", "{DAC6142D-AEDB-4DF7-A052-E82B938D3A4D}"
EndProject
Project("{FAE04EC0-301F-11D3-BF4B-00C04F79EFBC}") = "Domain.Tests", "Domain.Tests\Domain.Tests.csproj", "{7BB49150-9E95-4F85-A6D3-A546F3CD4C39}"
EndProject
Project("{FAE04EC0-301F-11D3-BF4B-00C04F79EFBC}") = "Application", "Application\Application.csproj", "{749F17C9-B221-40ED-8159-646A11F29E28}"
EndProject
Global
	GlobalSection(SolutionConfigurationPlatforms) = preSolution
		Debug|Any CPU = Debug|Any CPU
		Release|Any CPU = Release|Any CPU
	EndGlobalSection
	GlobalSection(ProjectConfigurationPlatforms) = postSolution
		{E04814EF-675D-49B6-8E82-92979ACCA207}.Debug|Any CPU.ActiveCfg = Debug|Any CPU
		{E04814EF-675D-49B6-8E82-92979ACCA207}.Debug|Any CPU.Build.0 = Debug|Any CPU
		{E04814EF-675D-49B6-8E82-92979ACCA207}.Release|Any CPU.ActiveCfg = Release|Any CPU
		{E04814EF-675D-49B6-8E82-92979ACCA207}.Release|Any CPU.Build.0 = Release|Any CPU
		{E5D3E282-EC88-4701-906E-5BB950A93B2F}.Debug|Any CPU.ActiveCfg = Debug|Any CPU
		{E5D3E282-EC88-4701-906E-5BB950A93B2F}.Debug|Any CPU.Build.0 = Debug|Any CPU
		{E5D3E282-EC88-4701-906E-5BB950A93B2F}.Release|Any CPU.ActiveCfg = Release|Any CPU
		{E5D3E282-EC88-4701-906E-5BB950A93B2F}.Release|Any CPU.Build.0 = Release|Any CPU
		{79FA388C-2434-4C27-9006-CC70F7F936AB}.Debug|Any CPU.ActiveCfg = Debug|Any CPU
		{79FA388C-2434-4C27-9006-CC70F7F936AB}.Debug|Any CPU.Build.0 = Debug|Any CPU
		{79FA388C-2434-4C27-9006-CC70F7F936AB}.Release|Any CPU.ActiveCfg = Release|Any CPU
		{79FA388C-2434-4C27-9006-CC70F7F936AB}.Release|Any CPU.Build.0 = Release|Any CPU
		{7BB49150-9E95-4F85-A6D3-A546F3CD4C39}.Debug|Any CPU.ActiveCfg = Debug|Any CPU
		{7BB49150-9E95-4F85-A6D3-A546F3CD4C39}.Debug|Any CPU.Build.0 = Debug|Any CPU
		{7BB49150-9E95-4F85-A6D3-A546F3CD4C39}.Release|Any CPU.ActiveCfg = Release|Any CPU
		{7BB49150-9E95-4F85-A6D3-A546F3CD4C39}.Release|Any CPU.Build.0 = Release|Any CPU
		{749F17C9-B221-40ED-8159-646A11F29E28}.Debug|Any CPU.ActiveCfg = Debug|Any CPU
		{749F17C9-B221-40ED-8159-646A11F29E28}.Debug|Any CPU.Build.0 = Debug|Any CPU
		{749F17C9-B221-40ED-8159-646A11F29E28}.Release|Any CPU.ActiveCfg = Release|Any CPU
		{749F17C9-B221-40ED-8159-646A11F29E28}.Release|Any CPU.Build.0 = Release|Any CPU
	EndGlobalSection
	GlobalSection(SolutionProperties) = preSolution
		HideSolutionNode = FALSE
	EndGlobalSection
	GlobalSection(NestedProjects) = preSolution
		{7BB49150-9E95-4F85-A6D3-A546F3CD4C39} = {DAC6142D-AEDB-4DF7-A052-E82B938D3A4D}
	EndGlobalSection
	GlobalSection(ExtensibilityGlobals) = postSolution
		SolutionGuid = {A85C10E7-DC94-4A8E-BCDF-E4575DE92851}
	EndGlobalSection
EndGlobal
